# This file was autogenerated by Stack.
# You should not edit this file by hand.
# For more information, please see the documentation at:
#   https://docs.haskellstack.org/en/stable/lock_files

packages:
- completed:
    hackage: criterion-1.5.2.0@sha256:7ba73119322c7f481e93214853d208f1f9331e45d8b3b070da5a1d21c440826c,5324
    pantry-tree:
      size: 2213
      sha256: 99737e889407fac08849d30554cc2fba49f2aa8e8683004563e092de18d8f008
  original:
    hackage: criterion-1.5.2.0
- completed:
    hackage: semirings-0.5@sha256:d5f0420c38341675621c5c97882fbe9a22f19a01a4193ac31ff3ee186846527f,3882
    pantry-tree:
      size: 610
      sha256: dcca3edd1d0215c68acc7c6d1a0bcb66ee260fce6300d3150949fc807890694d
  original:
    hackage: semirings-0.5
- completed:
    cabal-file:
      size: 3428
      sha256: 88c551c06eb708578e96eb7eb919527897aa466daa389674ce376779d8b1a147
    name: galois-field
    version: 0.4.1
    git: git@github.com:adjoint-io/galois-field.git
    pantry-tree:
      size: 1784
      sha256: 29d354eb20e2a3701447d65b1832380e72133f2dc8a8410c9f7c8857652e07ca
    commit: cf2c5f1af8e62bc9063143d3c1c6805b5d33d94d
  original:
    git: git@github.com:adjoint-io/galois-field.git
    commit: cf2c5f1af8e62bc9063143d3c1c6805b5d33d94d
- completed:
    cabal-file:
      size: 1889
      sha256: ec2d9049565040b71ecec63ec34c0f7e5e0d65c1c54fde7f61f3a2bf8087c2e4
    name: poly
    version: 0.3.1.0
    git: git@github.com:bodigrim/poly.git
    pantry-tree:
      size: 1610
      sha256: 5d5a558972ddf428f5b953a440e0b74cf5770c1fb3e9594b42d80efd405cd63f
    commit: c9a97f5ecc38cc546ace6beb568c1f31e7369c8c
  original:
    git: git@github.com:bodigrim/poly.git
    commit: c9a97f5ecc38cc546ace6beb568c1f31e7369c8c
snapshots:
- completed:
    size: 499889
    url: https://raw.githubusercontent.com/commercialhaskell/stackage-snapshots/master/lts/13/26.yaml
    sha256: ecb02ee16829df8d7219e7d7fe6c310819820bf335b0b9534bce84d3ea896684
  original: lts-13.26
