# This file was autogenerated by Stack.
# You should not edit this file by hand.
# For more information, please see the documentation at:
#   https://docs.haskellstack.org/en/stable/lock_files

packages:
- completed:
    hackage: galois-field-1.0.0@sha256:d44007898c07a6c913a38f78e7246c7785ae3052ca55ad713783345d06a28419,3470
    pantry-tree:
      size: 1444
      sha256: 1b265e1c3062a06a48a535c1681a954c26bee5959a42e97fc0e4fd8b5a90849f
  original:
    hackage: galois-field-1.0.0
- completed:
    hackage: elliptic-curve-0.3.0@sha256:7d314ff56011de62370bdd1b840866d1e5ce061972e54be673f5768cbf8d3d42,7072
    pantry-tree:
      size: 9500
      sha256: 650191792bfc8b119e8a0ab1103383ddfa395ed692573519c27cc3d198089cb5
  original:
    hackage: elliptic-curve-0.3.0
- completed:
    hackage: poly-0.3.2.0@sha256:2cba686238c5074d551a56375f441b18745fbc465cdc3e0acf1701ae928f3ae9,1918
    pantry-tree:
      size: 1451
      sha256: 0a08b17044344cfa9923aefddad623987d12ed2d25738f5acb46f2ec71f8610d
  original:
    hackage: poly-0.3.2.0
- completed:
    hackage: semirings-0.5.1@sha256:597e4070dcb75c3e347566114e140ba343843f80f3e16a456bb2e9e9d1d09430,3743
    pantry-tree:
      size: 610
      sha256: cc4e01176f1a56c97dc923416a6939dcdc004584cccf8a2b1c67bd156b31179a
  original:
    hackage: semirings-0.5.1
snapshots:
- completed:
    size: 499889
    url: https://raw.githubusercontent.com/commercialhaskell/stackage-snapshots/master/lts/13/26.yaml
    sha256: ecb02ee16829df8d7219e7d7fe6c310819820bf335b0b9534bce84d3ea896684
  original: lts-13.26
